
Microsoft Visual Studio Solution File, Format Version 12.00
# Visual Studio Version 17
VisualStudioVersion = 17.8.34511.84
MinimumVisualStudioVersion = 10.0.40219.1
Project("{FAE04EC0-301F-11D3-BF4B-00C04F79EFBC}") = "Blazor03Pasaje", "Blazor03Pasaje\Blazor03Pasaje.csproj", "{599BC50D-9C79-452C-ABA7-7AEB9985B71B}"
EndProject
Global
	GlobalSection(SolutionConfigurationPlatforms) = preSolution
		Debug|Any CPU = Debug|Any CPU
		Release|Any CPU = Release|Any CPU
	EndGlobalSection
	GlobalSection(ProjectConfigurationPlatforms) = postSolution
		{599BC50D-9C79-452C-ABA7-7AEB9985B71B}.Debug|Any CPU.ActiveCfg = Debug|Any CPU
		{599BC50D-9C79-452C-ABA7-7AEB9985B71B}.Debug|Any CPU.Build.0 = Debug|Any CPU
		{599BC50D-9C79-452C-ABA7-7AEB9985B71B}.Release|Any CPU.ActiveCfg = Release|Any CPU
		{599BC50D-9C79-452C-ABA7-7AEB9985B71B}.Release|Any CPU.Build.0 = Release|Any CPU
	EndGlobalSection
	GlobalSection(SolutionProperties) = preSolution
		HideSolutionNode = FALSE
	EndGlobalSection
	GlobalSection(ExtensibilityGlobals) = postSolution
		SolutionGuid = {91BF8150-7DFB-4FBC-B9F7-9CA2B4205274}
	EndGlobalSection
EndGlobal
